PODS:
  - AsyncKit (2.0)
  - Nimble (5.0.0-alpha.30p1)
  - Quick (0.9.3)

DEPENDENCIES:
  - AsyncKit (from `../`)
  - Nimble (from `https://github.com/Quick/Nimble.git`, branch `swift-3.0`)
  - Quick (from `https://github.com/Quick/Quick.git`, branch `swift-3.0`)

EXTERNAL SOURCES:
  AsyncKit:
    :path: "../"
  Nimble:
    :branch: swift-3.0
    :git: https://github.com/Quick/Nimble.git
  Quick:
    :branch: swift-3.0
    :git: https://github.com/Quick/Quick.git

CHECKOUT OPTIONS:
  Nimble:
    :commit: 9dc342cdffef660414d17f27aec897d0cacfffea
    :git: https://github.com/Quick/Nimble.git
  Quick:
    :commit: 8f2bc636ecfa2cc20696f62548b38d4ab943e299
    :git: https://github.com/Quick/Quick.git

SPEC CHECKSUMS:
  AsyncKit: b7559d4c3aa9cd7f9de2a37915a7e273f661fa8a
  Nimble: c5b995b4cd57789ec44b0cfb79640fc00e61a8c7
  Quick: 31fb576b6cbb6b028cc5e0016e4366accbb346f5

PODFILE CHECKSUM: 2a62082d010c6b86182f82a5f0c12b45bd51ffbd

COCOAPODS: 1.1.0.rc.1
