PODS:
  - AsyncKit (1.2)
  - Nimble (3.2.0)
  - Quick (0.9.1)

DEPENDENCIES:
  - AsyncKit (from `../`)
  - Nimble (~> 3.0)
  - Quick (~> 0.9)

EXTERNAL SOURCES:
  AsyncKit:
    :path: "../"

SPEC CHECKSUMS:
  AsyncKit: d82f95a1d48dd4b36ec2a857b1cf38f12dd48c99
  Nimble: 703854335d181df169bbca9c97117b5cf8c47c1d
  Quick: a5221fc21788b6aeda934805e68b061839bc3165

COCOAPODS: 0.39.0
