PODS:
  - AsyncKit (0.1.0)
  - Nimble (3.0.0)
  - Quick (0.8.0)

DEPENDENCIES:
  - AsyncKit (from `../`)
  - Nimble (= 3.0.0)
  - Quick (~> 0.8.0)

EXTERNAL SOURCES:
  AsyncKit:
    :path: ../

SPEC CHECKSUMS:
  AsyncKit: 938876e305a7ea1b8128bfd2b23b7a0f04010683
  Nimble: 4c353d43735b38b545cbb4cb91504588eb5de926
  Quick: 563d0f6ec5f72e394645adb377708639b7dd38ab

COCOAPODS: 0.39.0
